
Microsoft Visual Studio Solution File, Format Version 12.00
# Visual Studio Version 16
VisualStudioVersion = 16.0.29025.244
MinimumVisualStudioVersion = 10.0.40219.1
Project("{FAE04EC0-301F-11D3-BF4B-00C04F79EFBC}") = "ConsoleApp1", "ConsoleApp1\ConsoleApp1.csproj", "{638799EF-D1EB-445A-9ED7-E3AD724B07B7}"
EndProject
Global
	GlobalSection(SolutionConfigurationPlatforms) = preSolution
		Debug|Any CPU = Debug|Any CPU
		Release|Any CPU = Release|Any CPU
	EndGlobalSection
	GlobalSection(ProjectConfigurationPlatforms) = postSolution
		{638799EF-D1EB-445A-9ED7-E3AD724B07B7}.Debug|Any CPU.ActiveCfg = Debug|Any CPU
		{638799EF-D1EB-445A-9ED7-E3AD724B07B7}.Debug|Any CPU.Build.0 = Debug|Any CPU
		{638799EF-D1EB-445A-9ED7-E3AD724B07B7}.Release|Any CPU.ActiveCfg = Release|Any CPU
		{638799EF-D1EB-445A-9ED7-E3AD724B07B7}.Release|Any CPU.Build.0 = Release|Any CPU
	EndGlobalSection
	GlobalSection(SolutionProperties) = preSolution
		HideSolutionNode = FALSE
	EndGlobalSection
	GlobalSection(ExtensibilityGlobals) = postSolution
		SolutionGuid = {4D2AC30B-3F43-484D-8B37-628A133E0748}
	EndGlobalSection
EndGlobal
